
Microsoft Visual Studio Solution File, Format Version 12.00
# Visual Studio Version 17
VisualStudioVersion = 17.1.32414.318
MinimumVisualStudioVersion = 10.0.40219.1
Project("{FAE04EC0-301F-11D3-BF4B-00C04F79EFBC}") = "PetShop", "PetShop\PetShop.csproj", "{22C6E3E3-6A1F-4D36-AB77-2F7B01C945C7}"
EndProject
Global
	GlobalSection(SolutionConfigurationPlatforms) = preSolution
		Debug|Any CPU = Debug|Any CPU
		Release|Any CPU = Release|Any CPU
	EndGlobalSection
	GlobalSection(ProjectConfigurationPlatforms) = postSolution
		{22C6E3E3-6A1F-4D36-AB77-2F7B01C945C7}.Debug|Any CPU.ActiveCfg = Debug|Any CPU
		{22C6E3E3-6A1F-4D36-AB77-2F7B01C945C7}.Debug|Any CPU.Build.0 = Debug|Any CPU
		{22C6E3E3-6A1F-4D36-AB77-2F7B01C945C7}.Release|Any CPU.ActiveCfg = Release|Any CPU
		{22C6E3E3-6A1F-4D36-AB77-2F7B01C945C7}.Release|Any CPU.Build.0 = Release|Any CPU
	EndGlobalSection
	GlobalSection(SolutionProperties) = preSolution
		HideSolutionNode = FALSE
	EndGlobalSection
	GlobalSection(ExtensibilityGlobals) = postSolution
		SolutionGuid = {F26ADFD9-3EB0-45D4-B2F7-1700E854A222}
	EndGlobalSection
EndGlobal
